GIT
  remote: https://github.com/allure-framework/allure-ruby.git
  revision: b0c70d5f2b5e82fe003daf212f0e6a0ee7dfcad5
  branch: master
  specs:
    allure-cucumber (2.29.1)
      allure-ruby-commons (= 2.29.1)
      csv (>= 3.0, < 4.0)
      cucumber (>= 4.0.0, < 12)
    allure-ruby-commons (2.29.1)
      mime-types (>= 3.3, < 4)
      require_all (>= 2, < 4)
      rspec-expectations (~> 3.13)

GEM
  remote: https://rubygems.org/
  specs:
    addressable (2.9.0)
      public_suffix (>= 2.0.2, < 8.0)
    ast (2.4.3)
    backport (1.2.0)
    base64 (0.3.0)
    benchmark (0.5.0)
    bigdecimal (4.1.2)
    builder (3.3.0)
    capybara (3.40.0)
      addressable
      matrix
      mini_mime (>= 0.1.3)
      nokogiri (~> 1.11)
      rack (>= 1.6.0)
      rack-test (>= 0.6.3)
      regexp_parser (>= 1.5, < 3.0)
      xpath (~> 3.2)
    coderay (1.1.3)
    commander (5.0.0)
      highline (~> 3.0.0)
    csv (3.3.6)
    cucumber (9.2.1)
      builder (~> 3.2)
      cucumber-ci-environment (> 9, < 11)
      cucumber-core (> 13, < 14)
      cucumber-cucumber-expressions (~> 17.0)
      cucumber-gherkin (> 24, < 28)
      cucumber-html-formatter (> 20.3, < 22)
      cucumber-messages (> 19, < 25)
      diff-lcs (~> 1.5)
      mini_mime (~> 1.1)
      multi_test (~> 1.1)
      sys-uname (~> 1.2)
    cucumber-ci-environment (10.0.1)
    cucumber-core (13.0.3)
      cucumber-gherkin (>= 27, < 28)
      cucumber-messages (>= 20, < 23)
      cucumber-tag-expressions (> 5, < 7)
    cucumber-cucumber-expressions (17.1.0)
      bigdecimal
    cucumber-gherkin (27.0.0)
      cucumber-messages (>= 19.1.4, < 23)
    cucumber-html-formatter (21.15.1)
      cucumber-messages (> 19, < 28)
    cucumber-messages (22.0.0)
    cucumber-tag-expressions (6.1.2)
    date (3.5.1)
    diff-lcs (1.6.2)
    erb (6.0.7)
    ffi (1.17.4-aarch64-linux-gnu)
    ffi (1.17.4-aarch64-linux-musl)
    ffi (1.17.4-arm-linux-gnu)
    ffi (1.17.4-arm-linux-musl)
    ffi (1.17.4-arm64-darwin)
    ffi (1.17.4-x86_64-darwin)
    ffi (1.17.4-x86_64-linux-gnu)
    ffi (1.17.4-x86_64-linux-musl)
    highline (3.0.1)
    jaro_winkler (1.7.0)
    json (2.21.2)
    kramdown (2.5.2)
      rexml (>= 3.4.4)
    kramdown-parser-gfm (1.1.0)
      kramdown (~> 2.0)
    language_server-protocol (3.17.0.6)
    lint_roller (1.1.0)
    logger (1.7.0)
    matrix (0.4.3)
    memoist3 (1.0.0)
    method_source (1.1.0)
    mime-types (3.7.0)
      logger
      mime-types-data (~> 3.2025, >= 3.2025.0507)
    mime-types-data (3.2026.0701)
    mini_mime (1.1.5)
    multi_test (1.1.0)
    nokogiri (1.19.4-aarch64-linux-gnu)
      racc (~> 1.4)
    nokogiri (1.19.4-aarch64-linux-musl)
      racc (~> 1.4)
    nokogiri (1.19.4-arm-linux-gnu)
      racc (~> 1.4)
    nokogiri (1.19.4-arm-linux-musl)
      racc (~> 1.4)
    nokogiri (1.19.4-arm64-darwin)
      racc (~> 1.4)
    nokogiri (1.19.4-x86_64-darwin)
      racc (~> 1.4)
    nokogiri (1.19.4-x86_64-linux-gnu)
      racc (~> 1.4)
    nokogiri (1.19.4-x86_64-linux-musl)
      racc (~> 1.4)
    observer (0.1.2)
    open3 (0.2.1)
    ostruct (0.6.3)
    parallel (2.1.0)
    parlour (9.1.2)
      commander (~> 5.0)
      parser
      rainbow (~> 3.0)
      sorbet-runtime (>= 0.5)
    parser (3.3.12.0)
      ast (~> 2.4.1)
      racc
    prism (1.9.0)
    pry (0.14.2)
      coderay (~> 1.1)
      method_source (~> 1.0)
    psych (5.5.0)
      date
      stringio
    public_suffix (7.0.5)
    racc (1.8.1)
    rack (3.2.7)
    rack-test (2.2.0)
      rack (>= 1.3)
    rainbow (3.1.1)
    rbs (4.2.0)
      logger
      prism (>= 1.6.0)
      tsort
    rdoc (7.2.0)
      erb
      psych (>= 4.0.0)
      tsort
    regexp_parser (2.12.0)
    require_all (3.0.0)
    reverse_markdown (3.0.2)
      nokogiri
    rexml (3.4.4)
    rspec (3.13.2)
      rspec-core (~> 3.13.0)
      rspec-expectations (~> 3.13.0)
      rspec-mocks (~> 3.13.0)
    rspec-core (3.13.6)
      rspec-support (~> 3.13.0)
    rspec-expectations (3.13.5)
      diff-lcs (>= 1.2.0, < 2.0)
      rspec-support (~> 3.13.0)
    rspec-mocks (3.13.8)
      diff-lcs (>= 1.2.0, < 2.0)
      rspec-support (~> 3.13.0)
    rspec-support (3.13.7)
    rubocop (1.90.0)
      json (>= 2.3)
      language_server-protocol (~> 3.17.0.2)
      lint_roller (~> 1.1.0)
      parallel (>= 1.10)
      parser (>= 3.3.0.2)
      rainbow (>= 2.2.2, < 4.0)
      regexp_parser (>= 2.9.3, < 3.0)
      rubocop-ast (>= 1.49.0, < 2.0)
      ruby-progressbar (~> 1.7)
      unicode-display_width (>= 2.4.0, < 4.0)
    rubocop-ast (1.50.0)
      parser (>= 3.3.7.2)
      prism (~> 1.7)
    ruby-progressbar (1.13.0)
    rubyzip (3.6.0)
    selenium-webdriver (4.48.0)
      base64 (~> 0.2)
      logger (~> 1.4)
      rexml (~> 3.2, >= 3.2.5)
      rubyzip (>= 1.2.2, < 4.0)
      websocket (~> 1.0)
    solargraph (0.60.4)
      ast (~> 2.4.3)
      backport (~> 1.2)
      benchmark (~> 0.4)
      bundler (>= 2.0)
      diff-lcs (~> 1.4)
      jaro_winkler (~> 1.6, >= 1.6.1)
      kramdown (~> 2.3)
      kramdown-parser-gfm (~> 1.1)
      logger (~> 1.6)
      observer (~> 0.1)
      open3 (~> 0.2.1)
      ostruct (~> 0.6)
      parser (~> 3.0)
      prism (~> 1.4)
      rbs (>= 3.10.0)
      rdoc (~> 7.0)
      reverse_markdown (~> 3.0)
      rubocop (~> 1.76)
      sord (~> 7.0)
      thor (~> 1.0)
      tilt (~> 2.0)
      yard (~> 0.9, >= 0.9.24)
      yard-activesupport-concern (~> 0.0)
      yard-solargraph (~> 0.1)
    sorbet-runtime (0.6.13466)
    sord (7.1.0)
      commander (~> 5.0)
      parlour (~> 9.1)
      parser
      rbs (>= 3.0, < 5)
      sorbet-runtime
      yard
    stringio (3.2.0)
    sys-uname (1.5.1)
      ffi (~> 1.1)
      memoist3 (~> 1.0.0)
    thor (1.5.0)
    tilt (2.9.0)
    tsort (0.2.0)
    unicode-display_width (3.2.0)
      unicode-emoji (~> 4.1)
    unicode-emoji (4.2.0)
    websocket (1.2.11)
    xpath (3.2.0)
      nokogiri (~> 1.8)
    yard (0.9.45)
    yard-activesupport-concern (0.0.1)
      yard (>= 0.8)
    yard-solargraph (0.1.0)
      yard (~> 0.9)

PLATFORMS
  aarch64-linux-gnu
  aarch64-linux-musl
  arm-linux-gnu
  arm-linux-musl
  arm64-darwin
  x86_64-darwin
  x86_64-linux-gnu
  x86_64-linux-musl

DEPENDENCIES
  allure-cucumber (~> 2.29.1)!
  capybara (~> 3.40)
  cucumber (~> 9.2)
  pry (~> 0.14.2)
  rspec (~> 3.13)
  selenium-webdriver (~> 4.24)
  solargraph (~> 0.60.2)

CHECKSUMS
  addressable (2.9.0) sha256=7fdf6ac3660f7f4e867a0838be3f6cf722ace541dd97767fa42bc6cfa980c7af
  allure-cucumber (2.29.1)
  allure-ruby-commons (2.29.1)
  ast (2.4.3) sha256=954615157c1d6a382bc27d690d973195e79db7f55e9765ac7c481c60bdb4d383
  backport (1.2.0) sha256=912c7dfdd9ee4625d013ddfccb6205c3f92da69a8990f65c440e40f5b2fc7f75
  base64 (0.3.0) sha256=27337aeabad6ffae05c265c450490628ef3ebd4b67be58257393227588f5a97b
  benchmark (0.5.0) sha256=465df122341aedcb81a2a24b4d3bd19b6c67c1530713fd533f3ff034e419236c
  bigdecimal (4.1.2) sha256=53d217666027eab4280346fba98e7d5b66baaae1b9c3c1c0ffe89d48188a3fbd
  builder (3.3.0) sha256=497918d2f9dca528fdca4b88d84e4ef4387256d984b8154e9d5d3fe5a9c8835f
  capybara (3.40.0) sha256=42dba720578ea1ca65fd7a41d163dd368502c191804558f6e0f71b391054aeef
  coderay (1.1.3) sha256=dc530018a4684512f8f38143cd2a096c9f02a1fc2459edcfe534787a7fc77d4b
  commander (5.0.0) sha256=22ca42866ce5ed1a7f3e9a9c831a23d03b75b3743c7ad0302c3cbcd9eb5f257d
  csv (3.3.6) sha256=aba61e7e507a66f03d45cb1f3c4b6359861c3504038b422962875dce099e4456
  cucumber (9.2.1) sha256=fa4161391485bca15362871c04c241e8c761580d0ad52ec54703368ecd0b7131
  cucumber-ci-environment (10.0.1) sha256=bb6e3fcec85c981dff4561997e8675a7123eead5fe9e587d2ad7568adbe18631
  cucumber-core (13.0.3) sha256=e01c28d658dc0a8d5804507e0b63b58ba0e4fbe8e7d50f8f19c17b44872c5344
  cucumber-cucumber-expressions (17.1.0) sha256=a1be9df1e5d787f62ff89e5a96c9a78e2e3b989cef7bf698f22cd5efd699d391
  cucumber-gherkin (27.0.0) sha256=2e6a8212c1d0107f95d75082e8bd5f05ace4e42dd77a396c7b713be3a8067718
  cucumber-html-formatter (21.15.1) sha256=a08d7c30c357bfd4ea746312ed36e75dab5ba069e5ebc364ecfd5508540920e0
  cucumber-messages (22.0.0) sha256=d08a6c228675dd036896bebe82a29750cbdc4dacd461e39edd1199dfa36da719
  cucumber-tag-expressions (6.1.2) sha256=f790e4e820b80d453e83c6a462ed6de36b9477b046543322f646c1e8c275916d
  date (3.5.1) sha256=750d06384d7b9c15d562c76291407d89e368dda4d4fff957eb94962d325a0dc0
  diff-lcs (1.6.2) sha256=9ae0d2cba7d4df3075fe8cd8602a8604993efc0dfa934cff568969efb1909962
  erb (6.0.7) sha256=c5ca6dc25b0ef974a44dc8f59fe847577122483b1968a38dec305c60bf91ee92
  ffi (1.17.4-aarch64-linux-gnu) sha256=b208f06f91ffd8f5e1193da3cae3d2ccfc27fc36fba577baf698d26d91c080df
  ffi (1.17.4-aarch64-linux-musl) sha256=9286b7a615f2676245283aef0a0a3b475ae3aae2bb5448baace630bb77b91f39
  ffi (1.17.4-arm-linux-gnu) sha256=d6dbddf7cb77bf955411af5f187a65b8cd378cb003c15c05697f5feee1cb1564
  ffi (1.17.4-arm-linux-musl) sha256=9d4838ded0465bef6e2426935f6bcc93134b6616785a84ffd2a3d82bc3cf6f95
  ffi (1.17.4-arm64-darwin) sha256=19071aaf1419251b0a46852abf960e77330a3b334d13a4ab51d58b31a937001b
  ffi (1.17.4-x86_64-darwin) sha256=aa70390523cf3235096cf64962b709b4cfbd5c082a2cb2ae714eb0fe2ccda496
  ffi (1.17.4-x86_64-linux-gnu) sha256=9d3db14c2eae074b382fa9c083fe95aec6e0a1451da249eab096c34002bc752d
  ffi (1.17.4-x86_64-linux-musl) sha256=3fdf9888483de005f8ef8d1cf2d3b20d86626af206cbf780f6a6a12439a9c49e
  highline (3.0.1) sha256=ca18b218fd581b1fae832f89bfeaf2b34d3a93429c44fd4411042ffce286f009
  jaro_winkler (1.7.0) sha256=8daa05a5cd05bf7d27c1c65caa8ab0d47c05419d80210feaa17126db24044ada
  json (2.21.2) sha256=1f1d3b7cf2b3ba1a69beca0bb6db13d5438b80bff3cd54cdaaa620b9b07c1c6a
  kramdown (2.5.2) sha256=1ba542204c66b6f9111ff00dcc26075b95b220b07f2905d8261740c82f7f02fa
  kramdown-parser-gfm (1.1.0) sha256=fb39745516427d2988543bf01fc4cf0ab1149476382393e0e9c48592f6581729
  language_server-protocol (3.17.0.6) sha256=5ef2c0c138f8267e1bc631d3328347d354f96724b0af22f2c79516120443b7f0
  lint_roller (1.1.0) sha256=2c0c845b632a7d172cb849cc90c1bce937a28c5c8ccccb50dfd46a485003cc87
  logger (1.7.0) sha256=196edec7cc44b66cfb40f9755ce11b392f21f7967696af15d274dde7edff0203
  matrix (0.4.3) sha256=a0d5ab7ddcc1973ff690ab361b67f359acbb16958d1dc072b8b956a286564c5b
  memoist3 (1.0.0) sha256=686e42402cf150a362050c23143dc57b0ef88f8c344943ff8b7845792b50d56f
  method_source (1.1.0) sha256=181301c9c45b731b4769bc81e8860e72f9161ad7d66dd99103c9ab84f560f5c5
  mime-types (3.7.0) sha256=dcebf61c246f08e15a4de34e386ebe8233791e868564a470c3fe77c00eed5e56
  mime-types-data (3.2026.0701) sha256=cd8811e1fb89d836499ba0582368a10ee74cef929ba956d1d5ddca045e6a730f
  mini_mime (1.1.5) sha256=8681b7e2e4215f2a159f9400b5816d85e9d8c6c6b491e96a12797e798f8bccef
  multi_test (1.1.0) sha256=e9e550cdd863fb72becfe344aefdcd4cbd26ebf307847f4a6c039a4082324d10
  nokogiri (1.19.4-aarch64-linux-gnu) sha256=1269fb644a6de405057a53dd5c762b1209b43ca7424f839454d3dbc677c31a8f
  nokogiri (1.19.4-aarch64-linux-musl) sha256=35c65b9ce72b3bb03207bdbe7067915019dc18c1b9b59139684bd6690fdd01af
  nokogiri (1.19.4-arm-linux-gnu) sha256=a301313e38bb065d68239e79734bcd6f56fb6efaacebde29e9abf2a4735340ca
  nokogiri (1.19.4-arm-linux-musl) sha256=588923c101bcfa78869734d247d25b598674323e7f22474fc468f6e5647311eb
  nokogiri (1.19.4-arm64-darwin) sha256=a46db9853286e6597b36ebc6953817d15acf3a299583eb3f89fdc6f91dd63527
  nokogiri (1.19.4-x86_64-darwin) sha256=7fd17057d3e1f00e9954a74b3cd76595d3d4a5ef233b7ed9599047c204f70551
  nokogiri (1.19.4-x86_64-linux-gnu) sha256=379fae440b28915e3f19d752ce2dcf8465ed2b2fbefd2a7ca0dd497bc981a06a
  nokogiri (1.19.4-x86_64-linux-musl) sha256=17dfb7c1fa194ae02fbf7c51a7afc8d278045ab3fdacfd86f91d02d7b274470b
  observer (0.1.2) sha256=d8a3107131ba661138d748e7be3dbafc0d82e732fffba9fccb3d7829880950ac
  open3 (0.2.1) sha256=8e2d7d2113526351201438c1aa35c8139f0141c9e8913baa007c898973bf3952
  ostruct (0.6.3) sha256=95a2ed4a4bd1d190784e666b47b2d3f078e4a9efda2fccf18f84ddc6538ed912
  parallel (2.1.0) sha256=b35258865c2e31134c5ecb708beaaf6772adf9d5efae28e93e99260877b09356
  parlour (9.1.2) sha256=446ce24243e125f0e8c4f9b5722c3b86063d42d8b106c847a7d73a8cc693c382
  parser (3.3.12.0) sha256=21a6d7f755d5a24dfbdc6e6b772e4e879a52e7631a88bc5a3a134606052c9828
  prism (1.9.0) sha256=7b530c6a9f92c24300014919c9dcbc055bf4cdf51ec30aed099b06cd6674ef85
  pry (0.14.2) sha256=c4fe54efedaca1d351280b45b8849af363184696fcac1c72e0415f9bdac4334d
  psych (5.5.0) sha256=4b245bbbd0f3238df8ccee766ebc1a6b062b10e4ee1d3284eb588739ba156a0a
  public_suffix (7.0.5) sha256=1a8bb08f1bbea19228d3bed6e5ed908d1cb4f7c2726d18bd9cadf60bc676f623
  racc (1.8.1) sha256=4a7f6929691dbec8b5209a0b373bc2614882b55fc5d2e447a21aaa691303d62f
  rack (3.2.7) sha256=93e13e1c24f93556671d85d2d79fa228c3485815c50d7e2f265b5330c6528fb7
  rack-test (2.2.0) sha256=005a36692c306ac0b4a9350355ee080fd09ddef1148a5f8b2ac636c720f5c463
  rainbow (3.1.1) sha256=039491aa3a89f42efa1d6dec2fc4e62ede96eb6acd95e52f1ad581182b79bc6a
  rbs (4.2.0) sha256=51f7b886dcc05bc09e10b901daa6a81829f6adc03101d6ca9ea4aac6103e0674
  rdoc (7.2.0) sha256=8650f76cd4009c3b54955eb5d7e3a075c60a57276766ebf36f9085e8c9f23192
  regexp_parser (2.12.0) sha256=35a916a1d63190ab5c9009457136ae5f3c0c7512d60291d0d1378ba18ce08ebb
  require_all (3.0.0) sha256=937853faa2833388eab551107bf7bf87c6bba6b4800bac5ce469eda7b6a9fed0
  reverse_markdown (3.0.2) sha256=818ebb92ce39dbb1a291690dd1ec9a6d62530d4725296b17e9c8f668f9a5b8af
  rexml (3.4.4) sha256=19e0a2c3425dfbf2d4fc1189747bdb2f849b6c5e74180401b15734bc97b5d142
  rspec (3.13.2) sha256=206284a08ad798e61f86d7ca3e376718d52c0bc944626b2349266f239f820587
  rspec-core (3.13.6) sha256=a8823c6411667b60a8bca135364351dda34cd55e44ff94c4be4633b37d828b2d
  rspec-expectations (3.13.5) sha256=33a4d3a1d95060aea4c94e9f237030a8f9eae5615e9bd85718fe3a09e4b58836
  rspec-mocks (3.13.8) sha256=086ad3d3d17533f4237643de0b5c42f04b66348c28bf6b9c2d3f4a3b01af1d47
  rspec-support (3.13.7) sha256=0640e5570872aafefd79867901deeeeb40b0c9875a36b983d85f54fb7381c47c
  rubocop (1.90.0) sha256=9eb4c065b5c5154e4ef554c547972f3905a9eb6b53e657e580b6796b54bf8242
  rubocop-ast (1.50.0) sha256=b9ca88300da0803ee222ad20cdb30494c0a784eed06fdc35d254b06d662788db
  ruby-progressbar (1.13.0) sha256=80fc9c47a9b640d6834e0dc7b3c94c9df37f08cb072b7761e4a71e22cff29b33
  rubyzip (3.6.0) sha256=268994d44d62282d1cfd99bf10eae48d7267199158ad7ea3e1fee2da9458b695
  selenium-webdriver (4.48.0) sha256=0c8376ebc8a0a4879343fe6fe6eccdcea76748611cd25de370b33eded2077a94
  solargraph (0.60.4) sha256=dd6342aa69b4b526ba5e1344adee01b5318b65cdf6758c598d2a6b7b047abdc5
  sorbet-runtime (0.6.13466) sha256=65ee78a81e678d302d94fd1179c0cf4f3882654c9d26c331947ce7a302c53036
  sord (7.1.0) sha256=e02fd59294da520e50cea80a07fb9bc93db709c552d055871379ae8d8e87601f
  stringio (3.2.0) sha256=c37cb2e58b4ffbd33fe5cd948c05934af997b36e0b6ca6fdf43afa234cf222e1
  sys-uname (1.5.1) sha256=784d7e6491b0393c25cbbe5ac38324ac7be9fda083a6094832648af669386d7b
  thor (1.5.0) sha256=e3a9e55fe857e44859ce104a84675ab6e8cd59c650a49106a05f55f136425e73
  tilt (2.9.0) sha256=da5735d0280bba96e9a91041bb14aee435ccad5c17b0fa519249ae543d9aa3a5
  tsort (0.2.0) sha256=9650a793f6859a43b6641671278f79cfead60ac714148aabe4e3f0060480089f
  unicode-display_width (3.2.0) sha256=0cdd96b5681a5949cdbc2c55e7b420facae74c4aaf9a9815eee1087cb1853c42
  unicode-emoji (4.2.0) sha256=519e69150f75652e40bf736106cfbc8f0f73aa3fb6a65afe62fefa7f80b0f80f
  websocket (1.2.11) sha256=b7e7a74e2410b5e85c25858b26b3322f29161e300935f70a0e0d3c35e0462737
  xpath (3.2.0) sha256=6dfda79d91bb3b949b947ecc5919f042ef2f399b904013eb3ef6d20dd3a4082e
  yard (0.9.45) sha256=52e211493f7cb8a3ebf7e104a25a1e73937a3103092545d34cb88fafebb3dc51
  yard-activesupport-concern (0.0.1) sha256=be790cb0efc23e2e87677063598ac8b743586154657bbd9655a7f03ce78390ef
  yard-solargraph (0.1.0) sha256=a19a4619c942181a618fb9458970a9d2534cf7fda69fc43949629a7948a5930e

BUNDLED WITH
  4.0.19
